
Microsoft Visual Studio Solution File, Format Version 12.00
# Visual Studio Version 16
VisualStudioVersion = 16.0.31321.278
MinimumVisualStudioVersion = 10.0.40219.1
Project("{FAE04EC0-301F-11D3-BF4B-00C04F79EFBC}") = "UnSealer.CLI", "UnSealer.CLI\UnSealer.CLI.csproj", "{CC7E49F5-32C3-4350-8B0D-BBBA1683646B}"
EndProject
Project("{FAE04EC0-301F-11D3-BF4B-00C04F79EFBC}") = "UnSealer.Core", "UnSealer.Core\UnSealer.Core.csproj", "{D1E24FA3-032D-457B-8669-0E8D7DF5F38E}"
EndProject
Project("{FAE04EC0-301F-11D3-BF4B-00C04F79EFBC}") = "UnSealer.Protections", "UnSealer.Protections\UnSealer.Protections.csproj", "{2DD16FE1-FF72-4734-8CE5-AEEC2B61D37E}"
EndProject
Global
	GlobalSection(SolutionConfigurationPlatforms) = preSolution
		Debug|Any CPU = Debug|Any CPU
		Release|Any CPU = Release|Any CPU
	EndGlobalSection
	GlobalSection(ProjectConfigurationPlatforms) = postSolution
		{CC7E49F5-32C3-4350-8B0D-BBBA1683646B}.Debug|Any CPU.ActiveCfg = Debug|Any CPU
		{CC7E49F5-32C3-4350-8B0D-BBBA1683646B}.Debug|Any CPU.Build.0 = Debug|Any CPU
		{CC7E49F5-32C3-4350-8B0D-BBBA1683646B}.Release|Any CPU.ActiveCfg = Release|Any CPU
		{CC7E49F5-32C3-4350-8B0D-BBBA1683646B}.Release|Any CPU.Build.0 = Release|Any CPU
		{D1E24FA3-032D-457B-8669-0E8D7DF5F38E}.Debug|Any CPU.ActiveCfg = Debug|Any CPU
		{D1E24FA3-032D-457B-8669-0E8D7DF5F38E}.Debug|Any CPU.Build.0 = Debug|Any CPU
		{D1E24FA3-032D-457B-8669-0E8D7DF5F38E}.Release|Any CPU.ActiveCfg = Release|Any CPU
		{D1E24FA3-032D-457B-8669-0E8D7DF5F38E}.Release|Any CPU.Build.0 = Release|Any CPU
		{2DD16FE1-FF72-4734-8CE5-AEEC2B61D37E}.Debug|Any CPU.ActiveCfg = Debug|Any CPU
		{2DD16FE1-FF72-4734-8CE5-AEEC2B61D37E}.Debug|Any CPU.Build.0 = Debug|Any CPU
		{2DD16FE1-FF72-4734-8CE5-AEEC2B61D37E}.Release|Any CPU.ActiveCfg = Release|Any CPU
		{2DD16FE1-FF72-4734-8CE5-AEEC2B61D37E}.Release|Any CPU.Build.0 = Release|Any CPU
	EndGlobalSection
	GlobalSection(SolutionProperties) = preSolution
		HideSolutionNode = FALSE
	EndGlobalSection
	GlobalSection(ExtensibilityGlobals) = postSolution
		SolutionGuid = {AA3D0139-3E29-4FC8-BB24-5318E0D1300E}
	EndGlobalSection
EndGlobal
